
Microsoft Visual Studio Solution File, Format Version 12.00
# Visual Studio Version 16
VisualStudioVersion = 16.0.31702.278
MinimumVisualStudioVersion = 10.0.40219.1
Project("{FAE04EC0-301F-11D3-BF4B-00C04F79EFBC}") = "SuperLibrary", "SuperLibrary\SuperLibrary.csproj", "{9F7EFFDA-19E5-4315-833A-8DF1FB3F873D}"
EndProject
Project("{FAE04EC0-301F-11D3-BF4B-00C04F79EFBC}") = "Program", "Program\Program.csproj", "{17DF85FD-E6A5-4ADB-A604-91A156915AAA}"
EndProject
Global
	GlobalSection(SolutionConfigurationPlatforms) = preSolution
		Debug|Any CPU = Debug|Any CPU
		Release|Any CPU = Release|Any CPU
	EndGlobalSection
	GlobalSection(ProjectConfigurationPlatforms) = postSolution
		{9F7EFFDA-19E5-4315-833A-8DF1FB3F873D}.Debug|Any CPU.ActiveCfg = Debug|Any CPU
		{9F7EFFDA-19E5-4315-833A-8DF1FB3F873D}.Debug|Any CPU.Build.0 = Debug|Any CPU
		{9F7EFFDA-19E5-4315-833A-8DF1FB3F873D}.Release|Any CPU.ActiveCfg = Release|Any CPU
		{9F7EFFDA-19E5-4315-833A-8DF1FB3F873D}.Release|Any CPU.Build.0 = Release|Any CPU
		{17DF85FD-E6A5-4ADB-A604-91A156915AAA}.Debug|Any CPU.ActiveCfg = Debug|Any CPU
		{17DF85FD-E6A5-4ADB-A604-91A156915AAA}.Debug|Any CPU.Build.0 = Debug|Any CPU
		{17DF85FD-E6A5-4ADB-A604-91A156915AAA}.Release|Any CPU.ActiveCfg = Release|Any CPU
		{17DF85FD-E6A5-4ADB-A604-91A156915AAA}.Release|Any CPU.Build.0 = Release|Any CPU
	EndGlobalSection
	GlobalSection(SolutionProperties) = preSolution
		HideSolutionNode = FALSE
	EndGlobalSection
	GlobalSection(ExtensibilityGlobals) = postSolution
		SolutionGuid = {5916B575-E498-4D7A-98E4-E984A0E59FDB}
	EndGlobalSection
EndGlobal
